
Microsoft Visual Studio Solution File, Format Version 12.00
# Visual Studio Version 17
VisualStudioVersion = 17.14.36705.20 d17.14
MinimumVisualStudioVersion = 10.0.40219.1
Project("{FAE04EC0-301F-11D3-BF4B-00C04F79EFBC}") = "GeoIpLite", "GeoIpLite\GeoIpLite.csproj", "{C9C38CD8-FD11-43E3-B2B7-C6366F70745D}"
EndProject
Global
	GlobalSection(SolutionConfigurationPlatforms) = preSolution
		Debug|Any CPU = Debug|Any CPU
		Release|Any CPU = Release|Any CPU
	EndGlobalSection
	GlobalSection(ProjectConfigurationPlatforms) = postSolution
		{C9C38CD8-FD11-43E3-B2B7-C6366F70745D}.Debug|Any CPU.ActiveCfg = Debug|Any CPU
		{C9C38CD8-FD11-43E3-B2B7-C6366F70745D}.Debug|Any CPU.Build.0 = Debug|Any CPU
		{C9C38CD8-FD11-43E3-B2B7-C6366F70745D}.Release|Any CPU.ActiveCfg = Release|Any CPU
		{C9C38CD8-FD11-43E3-B2B7-C6366F70745D}.Release|Any CPU.Build.0 = Release|Any CPU
	EndGlobalSection
	GlobalSection(SolutionProperties) = preSolution
		HideSolutionNode = FALSE
	EndGlobalSection
	GlobalSection(ExtensibilityGlobals) = postSolution
		SolutionGuid = {7E34CAD5-341F-408F-9791-E7A733587C2C}
	EndGlobalSection
EndGlobal
